{
    "_readme": [
        "This file locks the dependencies of your project to a known state",
        "Read more about it at https://getcomposer.org/doc/01-basic-usage.md#installing-dependencies",
        "This file is @generated automatically"
    ],
    "content-hash": "edf8302ece770a32e6b948ab01763566",
    "packages": [
        {
            "name": "nemundo/content",
            "version": "0.11",
            "source": {
                "type": "git",
                "url": "https://github.com/nemundo/content.git",
                "reference": "7f253d210b51fd8936522a455c0f19eae93023c5"
            },
            "dist": {
                "type": "zip",
                "url": "https://api.github.com/repos/nemundo/content/zipball/7f253d210b51fd8936522a455c0f19eae93023c5",
                "reference": "7f253d210b51fd8936522a455c0f19eae93023c5",
                "shasum": ""
            },
            "require": {
                "nemundo/framework": "*"
            },
            "type": "library",
            "autoload": {
                "psr-4": {
                    "Nemundo\\Content\\": "src/"
                }
            },
            "notification-url": "https://packagist.org/downloads/",
            "license": [
                "MIT"
            ],
            "authors": [
                {
                    "name": "nemundo",
                    "email": "urs.lang@gmail.com"
                }
            ],
            "description": "Content",
            "support": {
                "issues": "https://github.com/nemundo/content/issues",
                "source": "https://github.com/nemundo/content/tree/0.11"
            },
            "time": "2021-02-20T09:26:28+00:00"
        },
        {
            "name": "nemundo/content_app",
            "version": "0.13",
            "source": {
                "type": "git",
                "url": "https://github.com/nemundo/content_app.git",
                "reference": "bd1cb9b4f7bbabf6b185d763b8a6a59f09967dba"
            },
            "dist": {
                "type": "zip",
                "url": "https://api.github.com/repos/nemundo/content_app/zipball/bd1cb9b4f7bbabf6b185d763b8a6a59f09967dba",
                "reference": "bd1cb9b4f7bbabf6b185d763b8a6a59f09967dba",
                "shasum": ""
            },
            "require": {
                "nemundo/content": "*"
            },
            "type": "library",
            "autoload": {
                "psr-4": {
                    "Nemundo\\Content\\App\\": "src/"
                }
            },
            "notification-url": "https://packagist.org/downloads/",
            "license": [
                "MIT"
            ],
            "authors": [
                {
                    "name": "Urs Lang",
                    "email": "urs.lang@gmail.com"
                }
            ],
            "description": "Content App",
            "support": {
                "issues": "https://github.com/nemundo/content_app/issues",
                "source": "https://github.com/nemundo/content_app/tree/0.13"
            },
            "time": "2021-02-20T08:12:42+00:00"
        },
        {
            "name": "nemundo/core",
            "version": "0.45",
            "source": {
                "type": "git",
                "url": "https://github.com/nemundo/core.git",
                "reference": "cc222718a80af22458176137bc25ab95de374610"
            },
            "dist": {
                "type": "zip",
                "url": "https://api.github.com/repos/nemundo/core/zipball/cc222718a80af22458176137bc25ab95de374610",
                "reference": "cc222718a80af22458176137bc25ab95de374610",
                "shasum": ""
            },
            "type": "library",
            "autoload": {
                "psr-4": {
                    "Nemundo\\Core\\": "src/"
                }
            },
            "notification-url": "https://packagist.org/downloads/",
            "license": [
                "MIT"
            ],
            "authors": [
                {
                    "name": "Urs Lang",
                    "email": "urs.lang@gmail.com"
                }
            ],
            "description": "Core Function",
            "support": {
                "issues": "https://github.com/nemundo/core/issues",
                "source": "https://github.com/nemundo/core/tree/0.45"
            },
            "time": "2021-01-26T09:49:24+00:00"
        },
        {
            "name": "nemundo/db",
            "version": "0.46",
            "source": {
                "type": "git",
                "url": "https://github.com/nemundo/db.git",
                "reference": "74725725ee932af2d8ddeca9afe3b0d88fcb97aa"
            },
            "dist": {
                "type": "zip",
                "url": "https://api.github.com/repos/nemundo/db/zipball/74725725ee932af2d8ddeca9afe3b0d88fcb97aa",
                "reference": "74725725ee932af2d8ddeca9afe3b0d88fcb97aa",
                "shasum": ""
            },
            "require": {
                "nemundo/core": "*"
            },
            "type": "library",
            "autoload": {
                "psr-4": {
                    "Nemundo\\Db\\": "src/"
                }
            },
            "notification-url": "https://packagist.org/downloads/",
            "license": [
                "MIT"
            ],
            "authors": [
                {
                    "name": "Nemundo",
                    "email": "urs.lang@gmail.com"
                }
            ],
            "description": "Database Access",
            "support": {
                "issues": "https://github.com/nemundo/db/issues",
                "source": "https://github.com/nemundo/db/tree/0.46"
            },
            "time": "2021-01-26T09:49:55+00:00"
        },
        {
            "name": "nemundo/framework",
            "version": "0.77",
            "source": {
                "type": "git",
                "url": "https://github.com/nemundo/framework.git",
                "reference": "3a17e73c314a220bbda6c1064b506977293f4b94"
            },
            "dist": {
                "type": "zip",
                "url": "https://api.github.com/repos/nemundo/framework/zipball/3a17e73c314a220bbda6c1064b506977293f4b94",
                "reference": "3a17e73c314a220bbda6c1064b506977293f4b94",
                "shasum": ""
            },
            "require": {
                "nemundo/core": "*",
                "nemundo/db": "*",
                "nemundo/html": "*"
            },
            "type": "library",
            "autoload": {
                "psr-4": {
                    "Nemundo\\": "src/"
                }
            },
            "notification-url": "https://packagist.org/downloads/",
            "license": [
                "MIT"
            ],
            "authors": [
                {
                    "name": "Urs Lang",
                    "email": "urs.lang@gmail.com"
                }
            ],
            "description": "Nemundo Framework",
            "support": {
                "issues": "https://github.com/nemundo/framework/issues",
                "source": "https://github.com/nemundo/framework/tree/0.77"
            },
            "time": "2021-02-20T11:41:59+00:00"
        },
        {
            "name": "nemundo/html",
            "version": "0.49",
            "source": {
                "type": "git",
                "url": "https://github.com/nemundo/html.git",
                "reference": "3657e779da0d13948d42e5b8f4f252607700c266"
            },
            "dist": {
                "type": "zip",
                "url": "https://api.github.com/repos/nemundo/html/zipball/3657e779da0d13948d42e5b8f4f252607700c266",
                "reference": "3657e779da0d13948d42e5b8f4f252607700c266",
                "shasum": ""
            },
            "require": {
                "nemundo/core": "*"
            },
            "type": "library",
            "autoload": {
                "psr-4": {
                    "Nemundo\\Html\\": "src/"
                }
            },
            "notification-url": "https://packagist.org/downloads/",
            "license": [
                "MIT"
            ],
            "authors": [
                {
                    "name": "Nemundo",
                    "email": "urs.lang@gmail.com"
                }
            ],
            "description": "Html Generator",
            "support": {
                "issues": "https://github.com/nemundo/html/issues",
                "source": "https://github.com/nemundo/html/tree/0.49"
            },
            "time": "2021-02-18T20:23:08+00:00"
        }
    ],
    "packages-dev": [],
    "aliases": [],
    "minimum-stability": "stable",
    "stability-flags": [],
    "prefer-stable": false,
    "prefer-lowest": false,
    "platform": [],
    "platform-dev": [],
    "plugin-api-version": "2.0.0"
}
